version: 5
environments:
  default:
    channels:
    - url: https://conda.anaconda.org/conda-forge/
    packages:
      osx-arm64:
      - conda: https://conda.anaconda.org/conda-forge/noarch/babel-2.14.0-pyhd8ed1ab_0.conda
      - conda: https://conda.anaconda.org/conda-forge/noarch/blinker-1.8.2-pyhd8ed1ab_0.conda
      - conda: https://conda.anaconda.org/conda-forge/osx-arm64/brotli-python-1.1.0-py312h9f69965_1.conda
      - conda: https://conda.anaconda.org/conda-forge/osx-arm64/bzip2-1.0.8-h99b78c6_7.conda
      - conda: https://conda.anaconda.org/conda-forge/osx-arm64/ca-certificates-2024.8.30-hf0a4a13_0.conda
      - conda: https://conda.anaconda.org/conda-forge/noarch/certifi-2024.7.4-pyhd8ed1ab_0.conda
      - conda: https://conda.anaconda.org/conda-forge/osx-arm64/cffi-1.17.0-py312h0fad829_1.conda
      - conda: https://conda.anaconda.org/conda-forge/noarch/charset-normalizer-3.3.2-pyhd8ed1ab_0.conda
      - conda: https://conda.anaconda.org/conda-forge/noarch/click-8.1.7-unix_pyh707e725_0.conda
      - conda: https://conda.anaconda.org/conda-forge/noarch/exifread-3.0.0-pyhd8ed1ab_0.tar.bz2
      - conda: https://conda.anaconda.org/conda-forge/noarch/filetype-1.2.0-pyhd8ed1ab_0.tar.bz2
      - conda: https://conda.anaconda.org/conda-forge/noarch/flask-2.3.3-pyhd8ed1ab_0.conda
      - conda: https://conda.anaconda.org/conda-forge/noarch/h2-4.1.0-pyhd8ed1ab_0.tar.bz2
      - conda: https://conda.anaconda.org/conda-forge/noarch/hpack-4.0.0-pyh9f0ad1d_0.tar.bz2
      - conda: https://conda.anaconda.org/conda-forge/noarch/hyperframe-6.0.1-pyhd8ed1ab_0.tar.bz2
      - conda: https://conda.anaconda.org/conda-forge/osx-arm64/icu-75.1-hfee45f7_0.conda
      - conda: https://conda.anaconda.org/conda-forge/noarch/idna-3.8-pyhd8ed1ab_0.conda
      - conda: https://conda.anaconda.org/conda-forge/noarch/importlib-metadata-7.2.1-pyha770c72_0.conda
      - conda: https://conda.anaconda.org/conda-forge/noarch/inifile-0.4.1-pyhd8ed1ab_0.tar.bz2
      - conda: https://conda.anaconda.org/conda-forge/noarch/itsdangerous-2.2.0-pyhd8ed1ab_0.conda
      - conda: https://conda.anaconda.org/conda-forge/noarch/jinja2-3.1.4-pyhd8ed1ab_0.conda
      - conda: https://conda.anaconda.org/conda-forge/noarch/lektor-3.3.11-pyhd8ed1ab_0.conda
      - conda: https://conda.anaconda.org/conda-forge/osx-arm64/libcxx-18.1.8-h3ed4263_6.conda
      - conda: https://conda.anaconda.org/conda-forge/osx-arm64/libexpat-2.6.2-hebf3989_0.conda
      - conda: https://conda.anaconda.org/conda-forge/osx-arm64/libffi-3.4.2-h3422bc3_5.tar.bz2
      - conda: https://conda.anaconda.org/conda-forge/osx-arm64/libsqlite-3.46.0-hfb93653_0.conda
      - conda: https://conda.anaconda.org/conda-forge/osx-arm64/libuv-1.48.0-h93a5062_0.conda
      - conda: https://conda.anaconda.org/conda-forge/osx-arm64/libzlib-1.3.1-hfb2fe0b_1.conda
      - conda: https://conda.anaconda.org/conda-forge/osx-arm64/markupsafe-2.1.5-py312h024a12e_1.conda
      - conda: https://conda.anaconda.org/conda-forge/noarch/mistune-0.8.4-pyh1a96a4e_1006.conda
      - conda: https://conda.anaconda.org/conda-forge/osx-arm64/ncurses-6.5-h7bae524_1.conda
      - conda: https://conda.anaconda.org/conda-forge/osx-arm64/nodejs-22.7.0-h08fde81_0.conda
      - conda: https://conda.anaconda.org/conda-forge/osx-arm64/openssl-3.3.1-h8359307_3.conda
      - conda: https://conda.anaconda.org/conda-forge/noarch/pip-24.2-pyh8b19718_1.conda
      - conda: https://conda.anaconda.org/conda-forge/noarch/pycparser-2.22-pyhd8ed1ab_0.conda
      - conda: https://conda.anaconda.org/conda-forge/noarch/pysocks-1.7.1-pyha2e5f31_6.tar.bz2
      - conda: https://conda.anaconda.org/conda-forge/osx-arm64/python-3.12.5-h30c5eda_0_cpython.conda
      - conda: https://conda.anaconda.org/conda-forge/noarch/python-slugify-8.0.4-pyhd8ed1ab_0.conda
      - conda: https://conda.anaconda.org/conda-forge/osx-arm64/python_abi-3.12-5_cp312.conda
      - conda: https://conda.anaconda.org/conda-forge/noarch/pytz-2024.1-pyhd8ed1ab_0.conda
      - conda: https://conda.anaconda.org/conda-forge/osx-arm64/pyyaml-6.0.2-py312h7e5086c_0.conda
      - conda: https://conda.anaconda.org/conda-forge/osx-arm64/readline-8.2-h92ec313_1.conda
      - conda: https://conda.anaconda.org/conda-forge/noarch/requests-2.32.3-pyhd8ed1ab_0.conda
      - conda: https://conda.anaconda.org/conda-forge/noarch/setuptools-72.2.0-pyhd8ed1ab_0.conda
      - conda: https://conda.anaconda.org/conda-forge/noarch/text-unidecode-1.3-pyhd8ed1ab_1.conda
      - conda: https://conda.anaconda.org/conda-forge/osx-arm64/tk-8.6.13-h5083fa2_1.conda
      - conda: https://conda.anaconda.org/conda-forge/noarch/tzdata-2024a-h8827d51_1.conda
      - conda: https://conda.anaconda.org/conda-forge/noarch/urllib3-2.2.2-pyhd8ed1ab_1.conda
      - conda: https://conda.anaconda.org/conda-forge/osx-arm64/watchdog-4.0.1-py312h7e5086c_0.conda
      - conda: https://conda.anaconda.org/conda-forge/noarch/werkzeug-2.3.8-pyhd8ed1ab_0.conda
      - conda: https://conda.anaconda.org/conda-forge/noarch/wheel-0.44.0-pyhd8ed1ab_0.conda
      - conda: https://conda.anaconda.org/conda-forge/osx-arm64/xz-5.2.6-h57fd34a_0.tar.bz2
      - conda: https://conda.anaconda.org/conda-forge/osx-arm64/yaml-0.2.5-h3422bc3_2.tar.bz2
      - conda: https://conda.anaconda.org/conda-forge/noarch/zipp-3.20.1-pyhd8ed1ab_0.conda
      - conda: https://conda.anaconda.org/conda-forge/osx-arm64/zlib-1.3.1-hfb2fe0b_1.conda
      - conda: https://conda.anaconda.org/conda-forge/osx-arm64/zstandard-0.23.0-py312h721a963_0.conda
      - conda: https://conda.anaconda.org/conda-forge/osx-arm64/zstd-1.5.6-hb46c0d2_0.conda
packages:
- kind: conda
  name: babel
  version: 2.14.0
  build: pyhd8ed1ab_0
  subdir: noarch
  noarch: python
  url: https://conda.anaconda.org/conda-forge/noarch/babel-2.14.0-pyhd8ed1ab_0.conda
  sha256: 8584e3da58e92b72641c89ff9b98c51f0d5dbe76e527867804cbdf03ac91d8e6
  md5: 9669586875baeced8fc30c0826c3270e
  depends:
  - python >=3.7
  - pytz
  - setuptools
  license: BSD-3-Clause
  license_family: BSD
  size: 7609750
  timestamp: 1702422720584
- kind: conda
  name: blinker
  version: 1.8.2
  build: pyhd8ed1ab_0
  subdir: noarch
  noarch: python
  url: https://conda.anaconda.org/conda-forge/noarch/blinker-1.8.2-pyhd8ed1ab_0.conda
  sha256: 8ca3cd8f78d0607df28c9f76adb9800348f8f2dc8aa49d188a995a0acdc4477d
  md5: cf85c002319c15e9721934104aaa1137
  depends:
  - python >=3.8
  license: MIT
  license_family: MIT
  size: 14707
  timestamp: 1715091300511
- kind: conda
  name: brotli-python
  version: 1.1.0
  build: py312h9f69965_1
  build_number: 1
  subdir: osx-arm64
  url: https://conda.anaconda.org/conda-forge/osx-arm64/brotli-python-1.1.0-py312h9f69965_1.conda
  sha256: 3418b1738243abba99e931c017b952771eeaa1f353c07f7d45b55e83bb74fcb3
  md5: 1bc01b9ffdf42beb1a9fe4e9222e0567
  depends:
  - libcxx >=15.0.7
  - python >=3.12.0rc3,<3.13.0a0
  - python >=3.12.0rc3,<3.13.0a0 *_cpython
  - python_abi 3.12.* *_cp312
  constrains:
  - libbrotlicommon 1.1.0 hb547adb_1
  license: MIT
  license_family: MIT
  size: 343435
  timestamp: 1695990731924
- kind: conda
  name: bzip2
  version: 1.0.8
  build: h99b78c6_7
  build_number: 7
  subdir: osx-arm64
  url: https://conda.anaconda.org/conda-forge/osx-arm64/bzip2-1.0.8-h99b78c6_7.conda
  sha256: adfa71f158cbd872a36394c56c3568e6034aa55c623634b37a4836bd036e6b91
  md5: fc6948412dbbbe9a4c9ddbbcfe0a79ab
  depends:
  - __osx >=11.0
  license: bzip2-1.0.6
  license_family: BSD
  size: 122909
  timestamp: 1720974522888
- kind: conda
  name: ca-certificates
  version: 2024.8.30
  build: hf0a4a13_0
  subdir: osx-arm64
  url: https://conda.anaconda.org/conda-forge/osx-arm64/ca-certificates-2024.8.30-hf0a4a13_0.conda
  sha256: 2db1733f4b644575dbbdd7994a8f338e6ef937f5ebdb74acd557e9dda0211709
  md5: 40dec13fd8348dbe303e57be74bd3d35
  license: ISC
  size: 158482
  timestamp: 1725019034582
- kind: conda
  name: certifi
  version: 2024.7.4
  build: pyhd8ed1ab_0
  subdir: noarch
  noarch: python
  url: https://conda.anaconda.org/conda-forge/noarch/certifi-2024.7.4-pyhd8ed1ab_0.conda
  sha256: dd3577bb5275062c388c46b075dcb795f47f8dac561da7dd35fe504b936934e5
  md5: 24e7fd6ca65997938fff9e5ab6f653e4
  depends:
  - python >=3.7
  license: ISC
  size: 159308
  timestamp: 1720458053074
- kind: conda
  name: cffi
  version: 1.17.0
  build: py312h0fad829_1
  build_number: 1
  subdir: osx-arm64
  url: https://conda.anaconda.org/conda-forge/osx-arm64/cffi-1.17.0-py312h0fad829_1.conda
  sha256: 3e3c78e04269a03e8cac83148b69d6c330cf77b90b8d59e8e321acfb2c16db83
  md5: cf8e510dbb47809b67fa449104bb4d26
  depends:
  - __osx >=11.0
  - libffi >=3.4,<4.0a0
  - pycparser
  - python >=3.12,<3.13.0a0
  - python >=3.12,<3.13.0a0 *_cpython
  - python_abi 3.12.* *_cp312
  license: MIT
  license_family: MIT
  size: 280650
  timestamp: 1724956628231
- kind: conda
  name: charset-normalizer
  version: 3.3.2
  build: pyhd8ed1ab_0
  subdir: noarch
  noarch: python
  url: https://conda.anaconda.org/conda-forge/noarch/charset-normalizer-3.3.2-pyhd8ed1ab_0.conda
  sha256: 20cae47d31fdd58d99c4d2e65fbdcefa0b0de0c84e455ba9d6356a4bdbc4b5b9
  md5: 7f4a9e3fcff3f6356ae99244a014da6a
  depends:
  - python >=3.7
  license: MIT
  license_family: MIT
  size: 46597
  timestamp: 1698833765762
- kind: conda
  name: click
  version: 8.1.7
  build: unix_pyh707e725_0
  subdir: noarch
  noarch: python
  url: https://conda.anaconda.org/conda-forge/noarch/click-8.1.7-unix_pyh707e725_0.conda
  sha256: f0016cbab6ac4138a429e28dbcb904a90305b34b3fe41a9b89d697c90401caec
  md5: f3ad426304898027fc619827ff428eca
  depends:
  - __unix
  - python >=3.8
  license: BSD-3-Clause
  license_family: BSD
  size: 84437
  timestamp: 1692311973840
- kind: conda
  name: exifread
  version: 3.0.0
  build: pyhd8ed1ab_0
  subdir: noarch
  noarch: python
  url: https://conda.anaconda.org/conda-forge/noarch/exifread-3.0.0-pyhd8ed1ab_0.tar.bz2
  sha256: 94ff8a357dc6af67b6ae2e958391e173c0685637d0417138090af8d84fc7e2e3
  md5: 571f3239f92fa94f21febc18ad8fffd5
  depends:
  - python >=3
  license: BSD-3-Clause
  license_family: BSD
  size: 37005
  timestamp: 1652071516994
- kind: conda
  name: filetype
  version: 1.2.0
  build: pyhd8ed1ab_0
  subdir: noarch
  noarch: python
  url: https://conda.anaconda.org/conda-forge/noarch/filetype-1.2.0-pyhd8ed1ab_0.tar.bz2
  sha256: 4bb954cd07db9faa08c937df963483f34a964e8d5bcea957d16ef456a761432f
  md5: 8db22d14ef51223a783383b45c63fbe0
  depends:
  - python >3.6
  license: MIT
  license_family: MIT
  size: 19980
  timestamp: 1667445885369
- kind: conda
  name: flask
  version: 2.3.3
  build: pyhd8ed1ab_0
  subdir: noarch
  noarch: python
  url: https://conda.anaconda.org/conda-forge/noarch/flask-2.3.3-pyhd8ed1ab_0.conda
  sha256: 4f84ffdc5471236e8225db86c7508426b46aa2c3802d58ca40b3c3e174533b39
  md5: 9b0d29067484a8dfacfae85b8fba81bc
  depends:
  - blinker >=1.6.2
  - click >=8.1.3
  - importlib-metadata >=3.6.0
  - itsdangerous >=2.1.2
  - jinja2 >=3.1.2
  - python >=3.8
  - werkzeug >=2.3.7
  license: BSD-3-Clause
  license_family: BSD
  size: 79782
  timestamp: 1692686247131
- kind: conda
  name: h2
  version: 4.1.0
  build: pyhd8ed1ab_0
  subdir: noarch
  noarch: python
  url: https://conda.anaconda.org/conda-forge/noarch/h2-4.1.0-pyhd8ed1ab_0.tar.bz2
  sha256: bfc6a23849953647f4e255c782e74a0e18fe16f7e25c7bb0bc57b83bb6762c7a
  md5: b748fbf7060927a6e82df7cb5ee8f097
  depends:
  - hpack >=4.0,<5
  - hyperframe >=6.0,<7
  - python >=3.6.1
  license: MIT
  license_family: MIT
  size: 46754
  timestamp: 1634280590080
- kind: conda
  name: hpack
  version: 4.0.0
  build: pyh9f0ad1d_0
  subdir: noarch
  noarch: python
  url: https://conda.anaconda.org/conda-forge/noarch/hpack-4.0.0-pyh9f0ad1d_0.tar.bz2
  sha256: 5dec948932c4f740674b1afb551223ada0c55103f4c7bf86a110454da3d27cb8
  md5: 914d6646c4dbb1fd3ff539830a12fd71
  depends:
  - python
  license: MIT
  license_family: MIT
  size: 25341
  timestamp: 1598856368685
- kind: conda
  name: hyperframe
  version: 6.0.1
  build: pyhd8ed1ab_0
  subdir: noarch
  noarch: python
  url: https://conda.anaconda.org/conda-forge/noarch/hyperframe-6.0.1-pyhd8ed1ab_0.tar.bz2
  sha256: e374a9d0f53149328134a8d86f5d72bca4c6dcebed3c0ecfa968c02996289330
  md5: 9f765cbfab6870c8435b9eefecd7a1f4
  depends:
  - python >=3.6
  license: MIT
  license_family: MIT
  size: 14646
  timestamp: 1619110249723
- kind: conda
  name: icu
  version: '75.1'
  build: hfee45f7_0
  subdir: osx-arm64
  url: https://conda.anaconda.org/conda-forge/osx-arm64/icu-75.1-hfee45f7_0.conda
  sha256: 9ba12c93406f3df5ab0a43db8a4b4ef67a5871dfd401010fbe29b218b2cbe620
  md5: 5eb22c1d7b3fc4abb50d92d621583137
  depends:
  - __osx >=11.0
  license: MIT
  license_family: MIT
  size: 11857802
  timestamp: 1720853997952
- kind: conda
  name: idna
  version: '3.8'
  build: pyhd8ed1ab_0
  subdir: noarch
  noarch: python
  url: https://conda.anaconda.org/conda-forge/noarch/idna-3.8-pyhd8ed1ab_0.conda
  sha256: 8660d38b272d3713ec8ac5ae918bc3bc80e1b81e1a7d61df554bded71ada6110
  md5: 99e164522f6bdf23c177c8d9ae63f975
  depends:
  - python >=3.6
  license: BSD-3-Clause
  license_family: BSD
  size: 49275
  timestamp: 1724450633325
- kind: conda
  name: importlib-metadata
  version: 7.2.1
  build: pyha770c72_0
  subdir: noarch
  noarch: python
  url: https://conda.anaconda.org/conda-forge/noarch/importlib-metadata-7.2.1-pyha770c72_0.conda
  sha256: 21c0aed99d05658760c87dcb3fce6e1175966d1bc51b7c31981e779e90574d27
  md5: b9f5330c0853ccabc39a9878c6f1a2ab
  depends:
  - python >=3.8
  - zipp >=0.5
  license: Apache-2.0
  license_family: APACHE
  size: 27612
  timestamp: 1719171345874
- kind: conda
  name: inifile
  version: 0.4.1
  build: pyhd8ed1ab_0
  subdir: noarch
  noarch: python
  url: https://conda.anaconda.org/conda-forge/noarch/inifile-0.4.1-pyhd8ed1ab_0.tar.bz2
  sha256: 7c785ba8a2ee7b9547c85d21f26c4f118a64c0d529a870629fb024399cf5ad52
  md5: 6d79c7bd6499fc144a7185c2721ca1eb
  depends:
  - python >=3.6
  license: BSD-3-Clause
  license_family: BSD
  size: 11736
  timestamp: 1636663713179
- kind: conda
  name: itsdangerous
  version: 2.2.0
  build: pyhd8ed1ab_0
  subdir: noarch
  noarch: python
  url: https://conda.anaconda.org/conda-forge/noarch/itsdangerous-2.2.0-pyhd8ed1ab_0.conda
  sha256: 4e933e36e9b0401b62ea8fd63393827ebeb4250de77a56687afb387d504523c5
  md5: ff7ca04134ee8dde1d7cf491a78ef7c7
  depends:
  - python >=3.8
  license: BSD-3-Clause
  license_family: BSD
  size: 19333
  timestamp: 1713372766463
- kind: conda
  name: jinja2
  version: 3.1.4
  build: pyhd8ed1ab_0
  subdir: noarch
  noarch: python
  url: https://conda.anaconda.org/conda-forge/noarch/jinja2-3.1.4-pyhd8ed1ab_0.conda
  sha256: 27380d870d42d00350d2d52598cddaf02f9505fb24be09488da0c9b8d1428f2d
  md5: 7b86ecb7d3557821c649b3c31e3eb9f2
  depends:
  - markupsafe >=2.0
  - python >=3.7
  license: BSD-3-Clause
  license_family: BSD
  size: 111565
  timestamp: 1715127275924
- kind: conda
  name: lektor
  version: 3.3.11
  build: pyhd8ed1ab_0
  subdir: noarch
  noarch: python
  url: https://conda.anaconda.org/conda-forge/noarch/lektor-3.3.11-pyhd8ed1ab_0.conda
  sha256: 2f7d6479dd6714c4d95f4d8d320c7e6bc362a50f87c82e6a1c6e2fe70eb8009b
  md5: 0c6427414e3f8ff379edba9142ff446c
  depends:
  - babel
  - click >=6.0
  - exifread
  - filetype >=1.0.7
  - flask
  - inifile >=0.4.1
  - jinja2 >=3.0
  - markupsafe
  - mistune >=0.7.0,<2
  - nodejs
  - pip >=21.1
  - python >=3.6
  - python-slugify
  - pytz
  - requests
  - setuptools >=45.2
  - watchdog
  - werkzeug <2.4
  license: BSD-3-Clause
  license_family: BSD
  size: 1252613
  timestamp: 1709661091034
- kind: conda
  name: libcxx
  version: 18.1.8
  build: h3ed4263_6
  build_number: 6
  subdir: osx-arm64
  url: https://conda.anaconda.org/conda-forge/osx-arm64/libcxx-18.1.8-h3ed4263_6.conda
  sha256: 6e267698e575bb02c8ed86184fad6d6d3504643dcfa10dad0306d3d25a3d22e3
  md5: 9fefa1597c93b710cc9bce87bffb0428
  depends:
  - __osx >=11.0
  license: Apache-2.0 WITH LLVM-exception
  license_family: Apache
  size: 1216771
  timestamp: 1724726498879
- kind: conda
  name: libexpat
  version: 2.6.2
  build: hebf3989_0
  subdir: osx-arm64
  url: https://conda.anaconda.org/conda-forge/osx-arm64/libexpat-2.6.2-hebf3989_0.conda
  sha256: ba7173ac30064ea901a4c9fb5a51846dcc25512ceb565759be7d18cbf3e5415e
  md5: e3cde7cfa87f82f7cb13d482d5e0ad09
  constrains:
  - expat 2.6.2.*
  license: MIT
  license_family: MIT
  size: 63655
  timestamp: 1710362424980
- kind: conda
  name: libffi
  version: 3.4.2
  build: h3422bc3_5
  build_number: 5
  subdir: osx-arm64
  url: https://conda.anaconda.org/conda-forge/osx-arm64/libffi-3.4.2-h3422bc3_5.tar.bz2
  sha256: 41b3d13efb775e340e4dba549ab5c029611ea6918703096b2eaa9c015c0750ca
  md5: 086914b672be056eb70fd4285b6783b6
  license: MIT
  license_family: MIT
  size: 39020
  timestamp: 1636488587153
- kind: conda
  name: libsqlite
  version: 3.46.0
  build: hfb93653_0
  subdir: osx-arm64
  url: https://conda.anaconda.org/conda-forge/osx-arm64/libsqlite-3.46.0-hfb93653_0.conda
  sha256: 73048f9cb8647d3d3bfe6021c0b7d663e12cffbe9b4f31bd081e713b0a9ad8f9
  md5: 12300188028c9bc02da965128b91b517
  depends:
  - __osx >=11.0
  - libzlib >=1.2.13,<2.0a0
  license: Unlicense
  size: 830198
  timestamp: 1718050644825
- kind: conda
  name: libuv
  version: 1.48.0
  build: h93a5062_0
  subdir: osx-arm64
  url: https://conda.anaconda.org/conda-forge/osx-arm64/libuv-1.48.0-h93a5062_0.conda
  sha256: 60bed2a7a85096387ab0381cbc32ea2da7f8dd99bd90e440983019c0cdd96ad1
  md5: abfd49e80f13453b62a56be226120ea8
  license: MIT
  license_family: MIT
  size: 405988
  timestamp: 1709913494015
- kind: conda
  name: libzlib
  version: 1.3.1
  build: hfb2fe0b_1
  build_number: 1
  subdir: osx-arm64
  url: https://conda.anaconda.org/conda-forge/osx-arm64/libzlib-1.3.1-hfb2fe0b_1.conda
  sha256: c34365dd37b0eab27b9693af32a1f7f284955517c2cc91f1b88a7ef4738ff03e
  md5: 636077128927cf79fd933276dc3aed47
  depends:
  - __osx >=11.0
  constrains:
  - zlib 1.3.1 *_1
  license: Zlib
  license_family: Other
  size: 46921
  timestamp: 1716874262512
- kind: conda
  name: markupsafe
  version: 2.1.5
  build: py312h024a12e_1
  build_number: 1
  subdir: osx-arm64
  url: https://conda.anaconda.org/conda-forge/osx-arm64/markupsafe-2.1.5-py312h024a12e_1.conda
  sha256: 0e337724d82b19510c457246c319b35944580f31b3859359e1e8b9c53a14bc52
  md5: 66ee733dbdf8a9ca670f167bf5ea36b4
  depends:
  - __osx >=11.0
  - python >=3.12,<3.13.0a0
  - python >=3.12,<3.13.0a0 *_cpython
  - python_abi 3.12.* *_cp312
  constrains:
  - jinja2 >=3.0.0
  license: BSD-3-Clause
  license_family: BSD
  size: 25840
  timestamp: 1724959900292
- kind: conda
  name: mistune
  version: 0.8.4
  build: pyh1a96a4e_1006
  build_number: 1006
  subdir: noarch
  noarch: python
  url: https://conda.anaconda.org/conda-forge/noarch/mistune-0.8.4-pyh1a96a4e_1006.conda
  sha256: cc2b11f228c2b0a819a4f2564cc4cd6ab74d85193ec355b3df318d6aee20fa65
  md5: ce48978fe2a49a887758ce17456601ad
  depends:
  - python >=3.5
  license: BSD-3-Clause
  license_family: BSD
  size: 47805
  timestamp: 1673904245186
- kind: conda
  name: ncurses
  version: '6.5'
  build: h7bae524_1
  build_number: 1
  subdir: osx-arm64
  url: https://conda.anaconda.org/conda-forge/osx-arm64/ncurses-6.5-h7bae524_1.conda
  sha256: 27d0b9ff78ad46e1f3a6c96c479ab44beda5f96def88e2fe626e0a49429d8afc
  md5: cb2b0ea909b97b3d70cd3921d1445e1a
  depends:
  - __osx >=11.0
  license: X11 AND BSD-3-Clause
  size: 802321
  timestamp: 1724658775723
- kind: conda
  name: nodejs
  version: 22.7.0
  build: h08fde81_0
  subdir: osx-arm64
  url: https://conda.anaconda.org/conda-forge/osx-arm64/nodejs-22.7.0-h08fde81_0.conda
  sha256: a9ff48b79103918ae46e6d70a090c07646309ba94c6dbff6664ec535df030382
  md5: c4b4eea2b29f0eb95d89ccd648c078f4
  depends:
  - __osx >=11.0
  - icu >=75.1,<76.0a0
  - libcxx >=17
  - libuv >=1.48.0,<2.0a0
  - libzlib >=1.3.1,<2.0a0
  - openssl >=3.3.1,<4.0a0
  - zlib
  license: MIT
  license_family: MIT
  size: 15027402
  timestamp: 1724456362591
- kind: conda
  name: openssl
  version: 3.3.1
  build: h8359307_3
  build_number: 3
  subdir: osx-arm64
  url: https://conda.anaconda.org/conda-forge/osx-arm64/openssl-3.3.1-h8359307_3.conda
  sha256: 9dd1ee7a8c21ff4fcbb98e9d0be0e83e5daf8a555c73589ad9e3046966b72e5e
  md5: 644904d696d83c0ac78d594e0cf09f66
  depends:
  - __osx >=11.0
  - ca-certificates
  license: Apache-2.0
  license_family: Apache
  size: 2888820
  timestamp: 1724402552318
- kind: conda
  name: pip
  version: '24.2'
  build: pyh8b19718_1
  build_number: 1
  subdir: noarch
  noarch: python
  url: https://conda.anaconda.org/conda-forge/noarch/pip-24.2-pyh8b19718_1.conda
  sha256: d820e5358bcb117fa6286e55d4550c60b0332443df62121df839eab2d11c890b
  md5: 6c78fbb8ddfd64bcb55b5cbafd2d2c43
  depends:
  - python >=3.8,<3.13.0a0
  - setuptools
  - wheel
  license: MIT
  license_family: MIT
  size: 1237976
  timestamp: 1724954490262
- kind: conda
  name: pycparser
  version: '2.22'
  build: pyhd8ed1ab_0
  subdir: noarch
  noarch: python
  url: https://conda.anaconda.org/conda-forge/noarch/pycparser-2.22-pyhd8ed1ab_0.conda
  sha256: 406001ebf017688b1a1554b49127ca3a4ac4626ec0fd51dc75ffa4415b720b64
  md5: 844d9eb3b43095b031874477f7d70088
  depends:
  - python >=3.8
  license: BSD-3-Clause
  license_family: BSD
  size: 105098
  timestamp: 1711811634025
- kind: conda
  name: pysocks
  version: 1.7.1
  build: pyha2e5f31_6
  build_number: 6
  subdir: noarch
  noarch: python
  url: https://conda.anaconda.org/conda-forge/noarch/pysocks-1.7.1-pyha2e5f31_6.tar.bz2
  sha256: a42f826e958a8d22e65b3394f437af7332610e43ee313393d1cf143f0a2d274b
  md5: 2a7de29fb590ca14b5243c4c812c8025
  depends:
  - __unix
  - python >=3.8
  license: BSD-3-Clause
  license_family: BSD
  size: 18981
  timestamp: 1661604969727
- kind: conda
  name: python
  version: 3.12.5
  build: h30c5eda_0_cpython
  subdir: osx-arm64
  url: https://conda.anaconda.org/conda-forge/osx-arm64/python-3.12.5-h30c5eda_0_cpython.conda
  sha256: 1319e918fb54c9491832a9731cad00235a76f61c6f9b23fc0f70cdfb74c950ea
  md5: 5e315581e2948dfe3bcac306540e9803
  depends:
  - __osx >=11.0
  - bzip2 >=1.0.8,<2.0a0
  - libexpat >=2.6.2,<3.0a0
  - libffi >=3.4,<4.0a0
  - libsqlite >=3.46.0,<4.0a0
  - libzlib >=1.3.1,<2.0a0
  - ncurses >=6.5,<7.0a0
  - openssl >=3.3.1,<4.0a0
  - readline >=8.2,<9.0a0
  - tk >=8.6.13,<8.7.0a0
  - tzdata
  - xz >=5.2.6,<6.0a0
  constrains:
  - python_abi 3.12.* *_cp312
  license: Python-2.0
  size: 12926356
  timestamp: 1723142203193
- kind: conda
  name: python-slugify
  version: 8.0.4
  build: pyhd8ed1ab_0
  subdir: noarch
  noarch: python
  url: https://conda.anaconda.org/conda-forge/noarch/python-slugify-8.0.4-pyhd8ed1ab_0.conda
  sha256: a1270bfd4f1d648766c8f95403f208e50d34af94761bc553a960102c6bff9fa0
  md5: 4b11845622b3c3178c0e989235b53975
  depends:
  - python >=3.7
  - text-unidecode >=1.3
  constrains:
  - slugify <0
  - awesome-slugify <0
  - unidecode >=1.1.1
  license: MIT
  license_family: MIT
  size: 15127
  timestamp: 1707425775664
- kind: conda
  name: python_abi
  version: '3.12'
  build: 5_cp312
  build_number: 5
  subdir: osx-arm64
  url: https://conda.anaconda.org/conda-forge/osx-arm64/python_abi-3.12-5_cp312.conda
  sha256: 49d624e4b809c799d2bf257b22c23cf3fc4460f5570d9a58e7ad86350aeaa1f4
  md5: b76f9b1c862128e56ac7aa8cd2333de9
  constrains:
  - python 3.12.* *_cpython
  license: BSD-3-Clause
  license_family: BSD
  size: 6278
  timestamp: 1723823099686
- kind: conda
  name: pytz
  version: '2024.1'
  build: pyhd8ed1ab_0
  subdir: noarch
  noarch: python
  url: https://conda.anaconda.org/conda-forge/noarch/pytz-2024.1-pyhd8ed1ab_0.conda
  sha256: 1a7d6b233f7e6e3bbcbad054c8fd51e690a67b129a899a056a5e45dd9f00cb41
  md5: 3eeeeb9e4827ace8c0c1419c85d590ad
  depends:
  - python >=3.7
  license: MIT
  license_family: MIT
  size: 188538
  timestamp: 1706886944988
- kind: conda
  name: pyyaml
  version: 6.0.2
  build: py312h7e5086c_0
  subdir: osx-arm64
  url: https://conda.anaconda.org/conda-forge/osx-arm64/pyyaml-6.0.2-py312h7e5086c_0.conda
  sha256: 1248d77c97f936e04ab5a8e4d9ac4175b470de7edf4b19310a59557223da2fe4
  md5: 0edf42e0544fab34322e3c30d04213df
  depends:
  - __osx >=11.0
  - python >=3.12,<3.13.0a0
  - python >=3.12,<3.13.0a0 *_cpython
  - python_abi 3.12.* *_cp312
  - yaml >=0.2.5,<0.3.0a0
  license: MIT
  license_family: MIT
  size: 187731
  timestamp: 1723018560445
- kind: conda
  name: readline
  version: '8.2'
  build: h92ec313_1
  build_number: 1
  subdir: osx-arm64
  url: https://conda.anaconda.org/conda-forge/osx-arm64/readline-8.2-h92ec313_1.conda
  sha256: a1dfa679ac3f6007362386576a704ad2d0d7a02e98f5d0b115f207a2da63e884
  md5: 8cbb776a2f641b943d413b3e19df71f4
  depends:
  - ncurses >=6.3,<7.0a0
  license: GPL-3.0-only
  license_family: GPL
  size: 250351
  timestamp: 1679532511311
- kind: conda
  name: requests
  version: 2.32.3
  build: pyhd8ed1ab_0
  subdir: noarch
  noarch: python
  url: https://conda.anaconda.org/conda-forge/noarch/requests-2.32.3-pyhd8ed1ab_0.conda
  sha256: 5845ffe82a6fa4d437a2eae1e32a1ad308d7ad349f61e337c0a890fe04c513cc
  md5: 5ede4753180c7a550a443c430dc8ab52
  depends:
  - certifi >=2017.4.17
  - charset-normalizer >=2,<4
  - idna >=2.5,<4
  - python >=3.8
  - urllib3 >=1.21.1,<3
  constrains:
  - chardet >=3.0.2,<6
  license: Apache-2.0
  license_family: APACHE
  size: 58810
  timestamp: 1717057174842
- kind: conda
  name: setuptools
  version: 72.2.0
  build: pyhd8ed1ab_0
  subdir: noarch
  noarch: python
  url: https://conda.anaconda.org/conda-forge/noarch/setuptools-72.2.0-pyhd8ed1ab_0.conda
  sha256: 0252f6570de8ff29d489958fc7826677a518061b1aa5e1828a427eec8a7928a4
  md5: 1462aa8b243aad09ef5d0841c745eb89
  depends:
  - python >=3.8
  license: MIT
  license_family: MIT
  size: 1459799
  timestamp: 1724163617860
- kind: conda
  name: text-unidecode
  version: '1.3'
  build: pyhd8ed1ab_1
  build_number: 1
  subdir: noarch
  noarch: python
  url: https://conda.anaconda.org/conda-forge/noarch/text-unidecode-1.3-pyhd8ed1ab_1.conda
  sha256: db64669a918dec8c744f80a85b9c82216b79298256c7c8bd19bdba54a02f8914
  md5: ba8aba332d8868897ce44ad74015a7fe
  depends:
  - python >=3.4
  license: Artistic-1.0-Perl
  license_family: OTHER
  size: 65029
  timestamp: 1694707244466
- kind: conda
  name: tk
  version: 8.6.13
  build: h5083fa2_1
  build_number: 1
  subdir: osx-arm64
  url: https://conda.anaconda.org/conda-forge/osx-arm64/tk-8.6.13-h5083fa2_1.conda
  sha256: 72457ad031b4c048e5891f3f6cb27a53cb479db68a52d965f796910e71a403a8
  md5: b50a57ba89c32b62428b71a875291c9b
  depends:
  - libzlib >=1.2.13,<2.0.0a0
  license: TCL
  license_family: BSD
  size: 3145523
  timestamp: 1699202432999
- kind: conda
  name: tzdata
  version: 2024a
  build: h8827d51_1
  build_number: 1
  subdir: noarch
  noarch: generic
  url: https://conda.anaconda.org/conda-forge/noarch/tzdata-2024a-h8827d51_1.conda
  sha256: 7d21c95f61319dba9209ca17d1935e6128af4235a67ee4e57a00908a1450081e
  md5: 8bfdead4e0fff0383ae4c9c50d0531bd
  license: LicenseRef-Public-Domain
  size: 124164
  timestamp: 1724736371498
- kind: conda
  name: urllib3
  version: 2.2.2
  build: pyhd8ed1ab_1
  build_number: 1
  subdir: noarch
  noarch: python
  url: https://conda.anaconda.org/conda-forge/noarch/urllib3-2.2.2-pyhd8ed1ab_1.conda
  sha256: 00c47c602c03137e7396f904eccede8cc64cc6bad63ce1fc355125df8882a748
  md5: e804c43f58255e977093a2298e442bb8
  depends:
  - brotli-python >=1.0.9
  - h2 >=4,<5
  - pysocks >=1.5.6,<2.0,!=1.5.7
  - python >=3.8
  - zstandard >=0.18.0
  license: MIT
  license_family: MIT
  size: 95048
  timestamp: 1719391384778
- kind: conda
  name: watchdog
  version: 4.0.1
  build: py312h7e5086c_0
  subdir: osx-arm64
  url: https://conda.anaconda.org/conda-forge/osx-arm64/watchdog-4.0.1-py312h7e5086c_0.conda
  sha256: f018376037c19c38e5b55602d09653106cc4fada7db3f02f871cee7be6befcd6
  md5: ce33cf6a4a69aa2beb93c8f7258bfe55
  depends:
  - __osx >=11.0
  - python >=3.12,<3.13.0a0
  - python >=3.12,<3.13.0a0 *_cpython
  - python_abi 3.12.* *_cp312
  - pyyaml >=3.10
  license: Apache-2.0
  license_family: APACHE
  size: 145420
  timestamp: 1716562106758
- kind: conda
  name: werkzeug
  version: 2.3.8
  build: pyhd8ed1ab_0
  subdir: noarch
  noarch: python
  url: https://conda.anaconda.org/conda-forge/noarch/werkzeug-2.3.8-pyhd8ed1ab_0.conda
  sha256: ce0c68c3dc44e106dd15b24534c085a2c9bf6603227983d01c2bad41edcad864
  md5: 4d0a38559ef093d9987ad2934e535473
  depends:
  - markupsafe >=2.1.1
  - python >=3.8
  license: BSD-3-Clause
  license_family: BSD
  size: 255168
  timestamp: 1699492638827
- kind: conda
  name: wheel
  version: 0.44.0
  build: pyhd8ed1ab_0
  subdir: noarch
  noarch: python
  url: https://conda.anaconda.org/conda-forge/noarch/wheel-0.44.0-pyhd8ed1ab_0.conda
  sha256: d828764736babb4322b8102094de38074dedfc71f5ff405c9dfee89191c14ebc
  md5: d44e3b085abcaef02983c6305b84b584
  depends:
  - python >=3.8
  license: MIT
  license_family: MIT
  size: 58585
  timestamp: 1722797131787
- kind: conda
  name: xz
  version: 5.2.6
  build: h57fd34a_0
  subdir: osx-arm64
  url: https://conda.anaconda.org/conda-forge/osx-arm64/xz-5.2.6-h57fd34a_0.tar.bz2
  sha256: 59d78af0c3e071021cfe82dc40134c19dab8cdf804324b62940f5c8cd71803ec
  md5: 39c6b54e94014701dd157f4f576ed211
  license: LGPL-2.1 and GPL-2.0
  size: 235693
  timestamp: 1660346961024
- kind: conda
  name: yaml
  version: 0.2.5
  build: h3422bc3_2
  build_number: 2
  subdir: osx-arm64
  url: https://conda.anaconda.org/conda-forge/osx-arm64/yaml-0.2.5-h3422bc3_2.tar.bz2
  sha256: 93181a04ba8cfecfdfb162fc958436d868cc37db504c58078eab4c1a3e57fbb7
  md5: 4bb3f014845110883a3c5ee811fd84b4
  license: MIT
  license_family: MIT
  size: 88016
  timestamp: 1641347076660
- kind: conda
  name: zipp
  version: 3.20.1
  build: pyhd8ed1ab_0
  subdir: noarch
  noarch: python
  url: https://conda.anaconda.org/conda-forge/noarch/zipp-3.20.1-pyhd8ed1ab_0.conda
  sha256: 30762bd25b6fc8714d5520a223ccf20ad4a6792dc439c54b59bf44b60bf51e72
  md5: 74a4befb4b38897e19a107693e49da20
  depends:
  - python >=3.8
  license: MIT
  license_family: MIT
  size: 21110
  timestamp: 1724731063145
- kind: conda
  name: zlib
  version: 1.3.1
  build: hfb2fe0b_1
  build_number: 1
  subdir: osx-arm64
  url: https://conda.anaconda.org/conda-forge/osx-arm64/zlib-1.3.1-hfb2fe0b_1.conda
  sha256: 87360c2dc662916aac37cf01e53324b4f4f78db6f399220818076752b093ede5
  md5: f27e021db7862b6ddbc1d3578f10d883
  depends:
  - __osx >=11.0
  - libzlib 1.3.1 hfb2fe0b_1
  license: Zlib
  license_family: Other
  size: 78260
  timestamp: 1716874280334
- kind: conda
  name: zstandard
  version: 0.23.0
  build: py312h721a963_0
  subdir: osx-arm64
  url: https://conda.anaconda.org/conda-forge/osx-arm64/zstandard-0.23.0-py312h721a963_0.conda
  sha256: 6fc0d2f7a0a49a7c1453bb9eacd5456214b6cf000760067d72f0cce464975fa1
  md5: caf7f5b85615a132c0fa586b82bd59e6
  depends:
  - __osx >=11.0
  - cffi >=1.11
  - python >=3.12,<3.13.0a0
  - python >=3.12,<3.13.0a0 *_cpython
  - python_abi 3.12.* *_cp312
  - zstd >=1.5.6,<1.5.7.0a0
  - zstd >=1.5.6,<1.6.0a0
  license: BSD-3-Clause
  license_family: BSD
  size: 332489
  timestamp: 1721044244889
- kind: conda
  name: zstd
  version: 1.5.6
  build: hb46c0d2_0
  subdir: osx-arm64
  url: https://conda.anaconda.org/conda-forge/osx-arm64/zstd-1.5.6-hb46c0d2_0.conda
  sha256: 2d4fd1ff7ee79cd954ca8e81abf11d9d49954dd1fef80f27289e2402ae9c2e09
  md5: d96942c06c3e84bfcc5efb038724a7fd
  depends:
  - __osx >=11.0
  - libzlib >=1.2.13,<2.0.0a0
  license: BSD-3-Clause
  license_family: BSD
  size: 405089
  timestamp: 1714723101397
